
Microsoft Visual Studio Solution File, Format Version 12.00
# Visual Studio Version 17
VisualStudioVersion = 17.0.31919.166
MinimumVisualStudioVersion = 10.0.40219.1
Project("{FAE04EC0-301F-11D3-BF4B-00C04F79EFBC}") = "StakeWallet.Android", "SmallWallet2\SmallWallet2.Android\StakeWallet.Android.csproj", "{52048F2B-E20D-48F2-BEF9-418CB83A8588}"
EndProject
Project("{9A19103F-16F7-4668-BE54-9A1E7A4F7556}") = "StakeWallet", "SmallWallet2\SmallWallet2\StakeWallet.csproj", "{0F57279A-577D-4657-8AB0-7A213943C10F}"
EndProject
Global
	GlobalSection(SolutionConfigurationPlatforms) = preSolution
		Debug|Any CPU = Debug|Any CPU
		Debug|iPhone = Debug|iPhone
		Debug|iPhoneSimulator = Debug|iPhoneSimulator
		Release|Any CPU = Release|Any CPU
		Release|iPhone = Release|iPhone
		Release|iPhoneSimulator = Release|iPhoneSimulator
	EndGlobalSection
	GlobalSection(ProjectConfigurationPlatforms) = postSolution
		{52048F2B-E20D-48F2-BEF9-418CB83A8588}.Debug|Any CPU.ActiveCfg = Debug|Any CPU
		{52048F2B-E20D-48F2-BEF9-418CB83A8588}.Debug|Any CPU.Build.0 = Debug|Any CPU
		{52048F2B-E20D-48F2-BEF9-418CB83A8588}.Debug|Any CPU.Deploy.0 = Debug|Any CPU
		{52048F2B-E20D-48F2-BEF9-418CB83A8588}.Debug|iPhone.ActiveCfg = Debug|Any CPU
		{52048F2B-E20D-48F2-BEF9-418CB83A8588}.Debug|iPhone.Build.0 = Debug|Any CPU
		{52048F2B-E20D-48F2-BEF9-418CB83A8588}.Debug|iPhone.Deploy.0 = Debug|Any CPU
		{52048F2B-E20D-48F2-BEF9-418CB83A8588}.Debug|iPhoneSimulator.ActiveCfg = Debug|Any CPU
		{52048F2B-E20D-48F2-BEF9-418CB83A8588}.Debug|iPhoneSimulator.Build.0 = Debug|Any CPU
		{52048F2B-E20D-48F2-BEF9-418CB83A8588}.Debug|iPhoneSimulator.Deploy.0 = Debug|Any CPU
		{52048F2B-E20D-48F2-BEF9-418CB83A8588}.Release|Any CPU.ActiveCfg = Release|Any CPU
		{52048F2B-E20D-48F2-BEF9-418CB83A8588}.Release|Any CPU.Build.0 = Release|Any CPU
		{52048F2B-E20D-48F2-BEF9-418CB83A8588}.Release|Any CPU.Deploy.0 = Release|Any CPU
		{52048F2B-E20D-48F2-BEF9-418CB83A8588}.Release|iPhone.ActiveCfg = Release|Any CPU
		{52048F2B-E20D-48F2-BEF9-418CB83A8588}.Release|iPhone.Build.0 = Release|Any CPU
		{52048F2B-E20D-48F2-BEF9-418CB83A8588}.Release|iPhone.Deploy.0 = Release|Any CPU
		{52048F2B-E20D-48F2-BEF9-418CB83A8588}.Release|iPhoneSimulator.ActiveCfg = Release|Any CPU
		{52048F2B-E20D-48F2-BEF9-418CB83A8588}.Release|iPhoneSimulator.Build.0 = Release|Any CPU
		{52048F2B-E20D-48F2-BEF9-418CB83A8588}.Release|iPhoneSimulator.Deploy.0 = Release|Any CPU
		{0F57279A-577D-4657-8AB0-7A213943C10F}.Debug|Any CPU.ActiveCfg = Debug|Any CPU
		{0F57279A-577D-4657-8AB0-7A213943C10F}.Debug|Any CPU.Build.0 = Debug|Any CPU
		{0F57279A-577D-4657-8AB0-7A213943C10F}.Debug|Any CPU.Deploy.0 = Debug|Any CPU
		{0F57279A-577D-4657-8AB0-7A213943C10F}.Debug|iPhone.ActiveCfg = Debug|Any CPU
		{0F57279A-577D-4657-8AB0-7A213943C10F}.Debug|iPhone.Build.0 = Debug|Any CPU
		{0F57279A-577D-4657-8AB0-7A213943C10F}.Debug|iPhone.Deploy.0 = Debug|Any CPU
		{0F57279A-577D-4657-8AB0-7A213943C10F}.Debug|iPhoneSimulator.ActiveCfg = Debug|Any CPU
		{0F57279A-577D-4657-8AB0-7A213943C10F}.Debug|iPhoneSimulator.Build.0 = Debug|Any CPU
		{0F57279A-577D-4657-8AB0-7A213943C10F}.Debug|iPhoneSimulator.Deploy.0 = Debug|Any CPU
		{0F57279A-577D-4657-8AB0-7A213943C10F}.Release|Any CPU.ActiveCfg = Release|Any CPU
		{0F57279A-577D-4657-8AB0-7A213943C10F}.Release|Any CPU.Build.0 = Release|Any CPU
		{0F57279A-577D-4657-8AB0-7A213943C10F}.Release|Any CPU.Deploy.0 = Release|Any CPU
		{0F57279A-577D-4657-8AB0-7A213943C10F}.Release|iPhone.ActiveCfg = Release|Any CPU
		{0F57279A-577D-4657-8AB0-7A213943C10F}.Release|iPhone.Build.0 = Release|Any CPU
		{0F57279A-577D-4657-8AB0-7A213943C10F}.Release|iPhone.Deploy.0 = Release|Any CPU
		{0F57279A-577D-4657-8AB0-7A213943C10F}.Release|iPhoneSimulator.ActiveCfg = Release|Any CPU
		{0F57279A-577D-4657-8AB0-7A213943C10F}.Release|iPhoneSimulator.Build.0 = Release|Any CPU
		{0F57279A-577D-4657-8AB0-7A213943C10F}.Release|iPhoneSimulator.Deploy.0 = Release|Any CPU
	EndGlobalSection
	GlobalSection(SolutionProperties) = preSolution
		HideSolutionNode = FALSE
	EndGlobalSection
	GlobalSection(ExtensibilityGlobals) = postSolution
		SolutionGuid = {E681F7BB-614C-4C6A-A0EE-2403A48328C5}
	EndGlobalSection
EndGlobal
